lockfileVersion: '9.0'

settings:
  autoInstallPeers: true
  excludeLinksFromLockfile: false

importers:

  .:
    devDependencies:
      '@types/node':
        specifier: ^20.10.5
        version: 20.19.15
      typescript:
        specifier: ^5.3.3
        version: 5.9.2

  agent:
    dependencies:
      '@aws-lambda-powertools/logger':
        specifier: ^1.17.0
        version: 1.18.1
      '@dispatch-agent/types':
        specifier: workspace:*
        version: link:../types
    devDependencies:
      '@types/aws-lambda':
        specifier: ^8.10.131
        version: 8.10.152
      typescript:
        specifier: ^5.3.3
        version: 5.9.2

  infra:
    dependencies:
      '@dispatch-agent/types':
        specifier: workspace:*
        version: link:../types
      aws-cdk-lib:
        specifier: ^2.115.0
        version: 2.215.0(constructs@10.4.2)
      constructs:
        specifier: ^10.3.0
        version: 10.4.2
    devDependencies:
      '@types/node':
        specifier: ^20.10.5
        version: 20.19.15
      aws-cdk:
        specifier: ^2.115.0
        version: 2.1029.1
      typescript:
        specifier: ^5.3.3
        version: 5.9.2

  types:
    devDependencies:
      typescript:
        specifier: ^5.3.3
        version: 5.9.2

packages:

  '@aws-cdk/asset-awscli-v1@2.2.242':
    resolution: {integrity: sha512-4c1bAy2ISzcdKXYS1k4HYZsNrgiwbiDzj36ybwFVxEWZXVAP0dimQTCaB9fxu7sWzEjw3d+eaw6Fon+QTfTIpQ==}

  '@aws-cdk/asset-node-proxy-agent-v6@2.1.0':
    resolution: {integrity: sha512-7bY3J8GCVxLupn/kNmpPc5VJz8grx+4RKfnnJiO1LG+uxkZfANZG3RMHhE+qQxxwkyQ9/MfPtTpf748UhR425A==}

  '@aws-cdk/cloud-assembly-schema@48.9.0':
    resolution: {integrity: sha512-wZsFnrLLzowYA26yfV6Xe7h6ZAYXZwsAQLLBowxhVdR5NcJIeCWI0dAavNdrUdZgiEbYU4rkUX3AXYI+nC6FTA==}
    engines: {node: '>= 18.0.0'}
    bundledDependencies:
      - jsonschema
      - semver

  '@aws-lambda-powertools/commons@1.18.1':
    resolution: {integrity: sha512-gFRgQ2GJDghKvf+fXvT0kQVftgOT05W+hCa7RkfZj6HSjVAO+9DZZeJL3JK1HcsLAjWRj7W9ra0/MqB3Abf+PQ==}
    deprecated: 'Version 1.x has reached End-of-Life, please upgrade to 2.x, more info here: https://s12d.com/upgrade-v2'

  '@aws-lambda-powertools/logger@1.18.1':
    resolution: {integrity: sha512-GsSMqaFXCSz+llSOn2CVNMoN+j/jNsS6JP2Opy9myU0tvg7PeuU3+rN24vKyibUwpxM466IzWFBSJkYdm0bqVw==}
    deprecated: 'Version 1.x has reached End-of-Life, please upgrade to 2.x, more info here: https://s12d.com/upgrade-v2'
    peerDependencies:
      '@middy/core': '>=3.x'
    peerDependenciesMeta:
      '@middy/core':
        optional: true

  '@types/aws-lambda@8.10.152':
    resolution: {integrity: sha512-soT/c2gYBnT5ygwiHPmd9a1bftj462NWVk2tKCc1PYHSIacB2UwbTS2zYG4jzag1mRDuzg/OjtxQjQ2NKRB6Rw==}

  '@types/node@20.19.15':
    resolution: {integrity: sha512-W3bqcbLsRdFDVcmAM5l6oLlcl67vjevn8j1FPZ4nx+K5jNoWCh+FC/btxFoBPnvQlrHHDwfjp1kjIEDfwJ0Mog==}

  aws-cdk-lib@2.215.0:
    resolution: {integrity: sha512-DvRiUEsZSc4voeqfkYGrjP0f4NJ1u94JvbVCUQ+Fci4rf25xLRSEVPzyaH9Tf7V38i0Otts1+u7seunqe+R19g==}
    engines: {node: '>= 18.0.0'}
    peerDependencies:
      constructs: ^10.0.0
    bundledDependencies:
      - '@balena/dockerignore'
      - case
      - fs-extra
      - ignore
      - jsonschema
      - minimatch
      - punycode
      - semver
      - table
      - yaml
      - mime-types

  aws-cdk@2.1029.1:
    resolution: {integrity: sha512-etMnV7xwm1pBKOXl5zZKtNRt7ZIMocEe+GrZHVVp6oHsXqpPDi7iyPm7HR3CV1xe9yFjs3hZiHDebg+ONpccuw==}
    engines: {node: '>= 18.0.0'}
    hasBin: true

  constructs@10.4.2:
    resolution: {integrity: sha512-wsNxBlAott2qg8Zv87q3eYZYgheb9lchtBfjHzzLHtXbttwSrHPs1NNQbBrmbb1YZvYg2+Vh0Dor76w4mFxJkA==}

  fsevents@2.3.2:
    resolution: {integrity: sha512-xiqMQR4xAeHTuB9uWm+fFRcIOgKBMiOBP+eXiyT7jsgVCq1bkVygt00oASowB7EdtpOHaaPgKt812P9ab+DDKA==}
    engines: {node: ^8.16.0 || ^10.6.0 || >=11.0.0}
    os: [darwin]

  lodash.merge@4.6.2:
    resolution: {integrity: sha512-0KpjqXRVvrYyCsX1swR/XTK0va6VQkQM6MNo7PqW77ByjAhoARA8EfrP1N4+KlKj8YS0ZUCtRT/YUuhyYDujIQ==}

  typescript@5.9.2:
    resolution: {integrity: sha512-CWBzXQrc/qOkhidw1OzBTQuYRbfyxDXJMVJ1XNwUHGROVmuaeiEm3OslpZ1RV96d7SKKjZKrSJu3+t/xlw3R9A==}
    engines: {node: '>=14.17'}
    hasBin: true

  undici-types@6.21.0:
    resolution: {integrity: sha512-iwDZqg0QAGrg9Rav5H4n0M64c3mkR59cJ6wQp+7C4nI0gsmExaedaYLNO44eT4AtBBwjbTiGPMlt2Md0T9H9JQ==}

snapshots:

  '@aws-cdk/asset-awscli-v1@2.2.242': {}

  '@aws-cdk/asset-node-proxy-agent-v6@2.1.0': {}

  '@aws-cdk/cloud-assembly-schema@48.9.0': {}

  '@aws-lambda-powertools/commons@1.18.1': {}

  '@aws-lambda-powertools/logger@1.18.1':
    dependencies:
      '@aws-lambda-powertools/commons': 1.18.1
      lodash.merge: 4.6.2

  '@types/aws-lambda@8.10.152': {}

  '@types/node@20.19.15':
    dependencies:
      undici-types: 6.21.0

  aws-cdk-lib@2.215.0(constructs@10.4.2):
    dependencies:
      '@aws-cdk/asset-awscli-v1': 2.2.242
      '@aws-cdk/asset-node-proxy-agent-v6': 2.1.0
      '@aws-cdk/cloud-assembly-schema': 48.9.0
      constructs: 10.4.2

  aws-cdk@2.1029.1:
    optionalDependencies:
      fsevents: 2.3.2

  constructs@10.4.2: {}

  fsevents@2.3.2:
    optional: true

  lodash.merge@4.6.2: {}

  typescript@5.9.2: {}

  undici-types@6.21.0: {}
